
Microsoft Visual Studio Solution File, Format Version 12.00
# Visual Studio Version 17
VisualStudioVersion = 17.1.32210.238
MinimumVisualStudioVersion = 10.0.40219.1
Project("{9A19103F-16F7-4668-BE54-9A1E7A4F7556}") = "CSharp_36", "CSharp_36\CSharp_36.csproj", "{2D97A53D-12AA-4913-8331-0C1853FC39B8}"
EndProject
Project("{9A19103F-16F7-4668-BE54-9A1E7A4F7556}") = "AbstractFactoryDe", "AbstractFactoryDe\AbstractFactoryDe.csproj", "{1E0B440F-9F49-49C6-BDE8-0BF084730601}"
EndProject
Project("{9A19103F-16F7-4668-BE54-9A1E7A4F7556}") = "Prototype", "Prototype\Prototype.csproj", "{7E3ECD96-1300-4EAA-855A-4C9A1ADF9762}"
EndProject
Project("{FAE04EC0-301F-11D3-BF4B-00C04F79EFBC}") = "BuilderDesign", "BuilderDesign\BuilderDesign.csproj", "{B1C9EE78-8A4B-43E9-A747-3B08B11F8CD3}"
EndProject
Project("{FAE04EC0-301F-11D3-BF4B-00C04F79EFBC}") = "Facade", "Facade\Facade.csproj", "{8F3D7F4B-88FC-42FB-8AEE-00B888A4EA54}"
EndProject
Project("{FAE04EC0-301F-11D3-BF4B-00C04F79EFBC}") = "Adapter", "Adapter\Adapter.csproj", "{463B6AB4-EA05-4CA0-A2A9-F19374FD531E}"
EndProject
Project("{FAE04EC0-301F-11D3-BF4B-00C04F79EFBC}") = "Composite", "Composite\Composite.csproj", "{4A311BFC-E144-4E71-B71C-590F4B1DDCF6}"
EndProject
Global
	GlobalSection(SolutionConfigurationPlatforms) = preSolution
		Debug|Any CPU = Debug|Any CPU
		Release|Any CPU = Release|Any CPU
	EndGlobalSection
	GlobalSection(ProjectConfigurationPlatforms) = postSolution
		{2D97A53D-12AA-4913-8331-0C1853FC39B8}.Debug|Any CPU.ActiveCfg = Debug|Any CPU
		{2D97A53D-12AA-4913-8331-0C1853FC39B8}.Debug|Any CPU.Build.0 = Debug|Any CPU
		{2D97A53D-12AA-4913-8331-0C1853FC39B8}.Release|Any CPU.ActiveCfg = Release|Any CPU
		{2D97A53D-12AA-4913-8331-0C1853FC39B8}.Release|Any CPU.Build.0 = Release|Any CPU
		{1E0B440F-9F49-49C6-BDE8-0BF084730601}.Debug|Any CPU.ActiveCfg = Debug|Any CPU
		{1E0B440F-9F49-49C6-BDE8-0BF084730601}.Debug|Any CPU.Build.0 = Debug|Any CPU
		{1E0B440F-9F49-49C6-BDE8-0BF084730601}.Release|Any CPU.ActiveCfg = Release|Any CPU
		{1E0B440F-9F49-49C6-BDE8-0BF084730601}.Release|Any CPU.Build.0 = Release|Any CPU
		{7E3ECD96-1300-4EAA-855A-4C9A1ADF9762}.Debug|Any CPU.ActiveCfg = Debug|Any CPU
		{7E3ECD96-1300-4EAA-855A-4C9A1ADF9762}.Debug|Any CPU.Build.0 = Debug|Any CPU
		{7E3ECD96-1300-4EAA-855A-4C9A1ADF9762}.Release|Any CPU.ActiveCfg = Release|Any CPU
		{7E3ECD96-1300-4EAA-855A-4C9A1ADF9762}.Release|Any CPU.Build.0 = Release|Any CPU
		{B1C9EE78-8A4B-43E9-A747-3B08B11F8CD3}.Debug|Any CPU.ActiveCfg = Debug|Any CPU
		{B1C9EE78-8A4B-43E9-A747-3B08B11F8CD3}.Debug|Any CPU.Build.0 = Debug|Any CPU
		{B1C9EE78-8A4B-43E9-A747-3B08B11F8CD3}.Release|Any CPU.ActiveCfg = Release|Any CPU
		{B1C9EE78-8A4B-43E9-A747-3B08B11F8CD3}.Release|Any CPU.Build.0 = Release|Any CPU
		{8F3D7F4B-88FC-42FB-8AEE-00B888A4EA54}.Debug|Any CPU.ActiveCfg = Debug|Any CPU
		{8F3D7F4B-88FC-42FB-8AEE-00B888A4EA54}.Debug|Any CPU.Build.0 = Debug|Any CPU
		{8F3D7F4B-88FC-42FB-8AEE-00B888A4EA54}.Release|Any CPU.ActiveCfg = Release|Any CPU
		{8F3D7F4B-88FC-42FB-8AEE-00B888A4EA54}.Release|Any CPU.Build.0 = Release|Any CPU
		{463B6AB4-EA05-4CA0-A2A9-F19374FD531E}.Debug|Any CPU.ActiveCfg = Debug|Any CPU
		{463B6AB4-EA05-4CA0-A2A9-F19374FD531E}.Debug|Any CPU.Build.0 = Debug|Any CPU
		{463B6AB4-EA05-4CA0-A2A9-F19374FD531E}.Release|Any CPU.ActiveCfg = Release|Any CPU
		{463B6AB4-EA05-4CA0-A2A9-F19374FD531E}.Release|Any CPU.Build.0 = Release|Any CPU
		{4A311BFC-E144-4E71-B71C-590F4B1DDCF6}.Debug|Any CPU.ActiveCfg = Debug|Any CPU
		{4A311BFC-E144-4E71-B71C-590F4B1DDCF6}.Debug|Any CPU.Build.0 = Debug|Any CPU
		{4A311BFC-E144-4E71-B71C-590F4B1DDCF6}.Release|Any CPU.ActiveCfg = Release|Any CPU
		{4A311BFC-E144-4E71-B71C-590F4B1DDCF6}.Release|Any CPU.Build.0 = Release|Any CPU
	EndGlobalSection
	GlobalSection(SolutionProperties) = preSolution
		HideSolutionNode = FALSE
	EndGlobalSection
	GlobalSection(ExtensibilityGlobals) = postSolution
		SolutionGuid = {EA8CF559-520E-4924-A782-91DB4029515A}
	EndGlobalSection
EndGlobal
