
Microsoft Visual Studio Solution File, Format Version 12.00
# Visual Studio Version 17
VisualStudioVersion = 17.1.32210.238
MinimumVisualStudioVersion = 10.0.40219.1
Project("{9A19103F-16F7-4668-BE54-9A1E7A4F7556}") = "CSharp_36", "CSharp_36\CSharp_36.csproj", "{2D97A53D-12AA-4913-8331-0C1853FC39B8}"
EndProject
Project("{9A19103F-16F7-4668-BE54-9A1E7A4F7556}") = "AbstractFactoryDe", "AbstractFactoryDe\AbstractFactoryDe.csproj", "{1E0B440F-9F49-49C6-BDE8-0BF084730601}"
EndProject
Project("{9A19103F-16F7-4668-BE54-9A1E7A4F7556}") = "Prototype", "Prototype\Prototype.csproj", "{7E3ECD96-1300-4EAA-855A-4C9A1ADF9762}"
EndProject
Project("{9A19103F-16F7-4668-BE54-9A1E7A4F7556}") = "BuilderDesign", "BuilderDesign\BuilderDesign.csproj", "{B1C9EE78-8A4B-43E9-A747-3B08B11F8CD3}"
EndProject
Project("{9A19103F-16F7-4668-BE54-9A1E7A4F7556}") = "Facade", "Facade\Facade.csproj", "{8F3D7F4B-88FC-42FB-8AEE-00B888A4EA54}"
EndProject
Project("{9A19103F-16F7-4668-BE54-9A1E7A4F7556}") = "Adapter", "Adapter\Adapter.csproj", "{463B6AB4-EA05-4CA0-A2A9-F19374FD531E}"
EndProject
Project("{9A19103F-16F7-4668-BE54-9A1E7A4F7556}") = "Composite", "Composite\Composite.csproj", "{4A311BFC-E144-4E71-B71C-590F4B1DDCF6}"
EndProject
Project("{9A19103F-16F7-4668-BE54-9A1E7A4F7556}") = "Decorator", "Decorator\Decorator.csproj", "{A3869094-07C2-4D6B-BE52-FC1667B602EC}"
EndProject
Project("{9A19103F-16F7-4668-BE54-9A1E7A4F7556}") = "Bridge", "Bridge\Bridge.csproj", "{EFBD044A-1D5E-4FEF-BD69-5A3FEDBBC9D3}"
EndProject
Project("{9A19103F-16F7-4668-BE54-9A1E7A4F7556}") = "Strategy", "Strategy\Strategy.csproj", "{F4FB71E4-E4C0-46B2-838E-C6ABB3962BE9}"
EndProject
Project("{9A19103F-16F7-4668-BE54-9A1E7A4F7556}") = "Observer", "Observer\Observer.csproj", "{E835B00B-5D69-4081-8E53-E97F3A58DAF5}"
EndProject
Project("{9A19103F-16F7-4668-BE54-9A1E7A4F7556}") = "ChaingOfResponsibility", "ChaingOfResponsibility\ChaingOfResponsibility.csproj", "{C92049F8-86FE-44B1-BAE8-A8186A66E715}"
EndProject
Project("{9A19103F-16F7-4668-BE54-9A1E7A4F7556}") = "Memento", "Memento\Memento.csproj", "{DCFD5050-58A8-4002-BF05-BAF8858F10A0}"
EndProject
Project("{9A19103F-16F7-4668-BE54-9A1E7A4F7556}") = "TemplateDeseni", "TemplateDeseni\TemplateDeseni.csproj", "{99E98B8C-B88E-477E-A7E0-EA51C6961117}"
EndProject
Project("{9A19103F-16F7-4668-BE54-9A1E7A4F7556}") = "State", "State\State.csproj", "{1C4BE716-B7A6-4930-9702-32481A5573FB}"
EndProject
Project("{FAE04EC0-301F-11D3-BF4B-00C04F79EFBC}") = "Command", "Command\Command.csproj", "{01A9C116-9A98-46D0-B0F6-DC7238A731FE}"
EndProject
Project("{FAE04EC0-301F-11D3-BF4B-00C04F79EFBC}") = "Visitor", "Visitor\Visitor.csproj", "{6DD27FB0-4A76-48E8-9B64-ECEE9E19E0EC}"
EndProject
Project("{FAE04EC0-301F-11D3-BF4B-00C04F79EFBC}") = "DependecyInjection", "DependecyInjection\DependecyInjection.csproj", "{93319152-FC42-4A17-B33C-6D13D2D682D2}"
EndProject
Project("{FAE04EC0-301F-11D3-BF4B-00C04F79EFBC}") = "NullObject", "NullObject\NullObject.csproj", "{DFD58380-AB24-4E4A-846F-8864E1F638FF}"
EndProject
Project("{FAE04EC0-301F-11D3-BF4B-00C04F79EFBC}") = "MultiTon", "MultiTon\MultiTon.csproj", "{59CA8A61-B1E3-44C9-B5ED-FDD6D64F7124}"
EndProject
Global
	GlobalSection(SolutionConfigurationPlatforms) = preSolution
		Debug|Any CPU = Debug|Any CPU
		Release|Any CPU = Release|Any CPU
	EndGlobalSection
	GlobalSection(ProjectConfigurationPlatforms) = postSolution
		{2D97A53D-12AA-4913-8331-0C1853FC39B8}.Debug|Any CPU.ActiveCfg = Debug|Any CPU
		{2D97A53D-12AA-4913-8331-0C1853FC39B8}.Debug|Any CPU.Build.0 = Debug|Any CPU
		{2D97A53D-12AA-4913-8331-0C1853FC39B8}.Release|Any CPU.ActiveCfg = Release|Any CPU
		{2D97A53D-12AA-4913-8331-0C1853FC39B8}.Release|Any CPU.Build.0 = Release|Any CPU
		{1E0B440F-9F49-49C6-BDE8-0BF084730601}.Debug|Any CPU.ActiveCfg = Debug|Any CPU
		{1E0B440F-9F49-49C6-BDE8-0BF084730601}.Debug|Any CPU.Build.0 = Debug|Any CPU
		{1E0B440F-9F49-49C6-BDE8-0BF084730601}.Release|Any CPU.ActiveCfg = Release|Any CPU
		{1E0B440F-9F49-49C6-BDE8-0BF084730601}.Release|Any CPU.Build.0 = Release|Any CPU
		{7E3ECD96-1300-4EAA-855A-4C9A1ADF9762}.Debug|Any CPU.ActiveCfg = Debug|Any CPU
		{7E3ECD96-1300-4EAA-855A-4C9A1ADF9762}.Debug|Any CPU.Build.0 = Debug|Any CPU
		{7E3ECD96-1300-4EAA-855A-4C9A1ADF9762}.Release|Any CPU.ActiveCfg = Release|Any CPU
		{7E3ECD96-1300-4EAA-855A-4C9A1ADF9762}.Release|Any CPU.Build.0 = Release|Any CPU
		{B1C9EE78-8A4B-43E9-A747-3B08B11F8CD3}.Debug|Any CPU.ActiveCfg = Debug|Any CPU
		{B1C9EE78-8A4B-43E9-A747-3B08B11F8CD3}.Debug|Any CPU.Build.0 = Debug|Any CPU
		{B1C9EE78-8A4B-43E9-A747-3B08B11F8CD3}.Release|Any CPU.ActiveCfg = Release|Any CPU
		{B1C9EE78-8A4B-43E9-A747-3B08B11F8CD3}.Release|Any CPU.Build.0 = Release|Any CPU
		{8F3D7F4B-88FC-42FB-8AEE-00B888A4EA54}.Debug|Any CPU.ActiveCfg = Debug|Any CPU
		{8F3D7F4B-88FC-42FB-8AEE-00B888A4EA54}.Debug|Any CPU.Build.0 = Debug|Any CPU
		{8F3D7F4B-88FC-42FB-8AEE-00B888A4EA54}.Release|Any CPU.ActiveCfg = Release|Any CPU
		{8F3D7F4B-88FC-42FB-8AEE-00B888A4EA54}.Release|Any CPU.Build.0 = Release|Any CPU
		{463B6AB4-EA05-4CA0-A2A9-F19374FD531E}.Debug|Any CPU.ActiveCfg = Debug|Any CPU
		{463B6AB4-EA05-4CA0-A2A9-F19374FD531E}.Debug|Any CPU.Build.0 = Debug|Any CPU
		{463B6AB4-EA05-4CA0-A2A9-F19374FD531E}.Release|Any CPU.ActiveCfg = Release|Any CPU
		{463B6AB4-EA05-4CA0-A2A9-F19374FD531E}.Release|Any CPU.Build.0 = Release|Any CPU
		{4A311BFC-E144-4E71-B71C-590F4B1DDCF6}.Debug|Any CPU.ActiveCfg = Debug|Any CPU
		{4A311BFC-E144-4E71-B71C-590F4B1DDCF6}.Debug|Any CPU.Build.0 = Debug|Any CPU
		{4A311BFC-E144-4E71-B71C-590F4B1DDCF6}.Release|Any CPU.ActiveCfg = Release|Any CPU
		{4A311BFC-E144-4E71-B71C-590F4B1DDCF6}.Release|Any CPU.Build.0 = Release|Any CPU
		{A3869094-07C2-4D6B-BE52-FC1667B602EC}.Debug|Any CPU.ActiveCfg = Debug|Any CPU
		{A3869094-07C2-4D6B-BE52-FC1667B602EC}.Debug|Any CPU.Build.0 = Debug|Any CPU
		{A3869094-07C2-4D6B-BE52-FC1667B602EC}.Release|Any CPU.ActiveCfg = Release|Any CPU
		{A3869094-07C2-4D6B-BE52-FC1667B602EC}.Release|Any CPU.Build.0 = Release|Any CPU
		{EFBD044A-1D5E-4FEF-BD69-5A3FEDBBC9D3}.Debug|Any CPU.ActiveCfg = Debug|Any CPU
		{EFBD044A-1D5E-4FEF-BD69-5A3FEDBBC9D3}.Debug|Any CPU.Build.0 = Debug|Any CPU
		{EFBD044A-1D5E-4FEF-BD69-5A3FEDBBC9D3}.Release|Any CPU.ActiveCfg = Release|Any CPU
		{EFBD044A-1D5E-4FEF-BD69-5A3FEDBBC9D3}.Release|Any CPU.Build.0 = Release|Any CPU
		{F4FB71E4-E4C0-46B2-838E-C6ABB3962BE9}.Debug|Any CPU.ActiveCfg = Debug|Any CPU
		{F4FB71E4-E4C0-46B2-838E-C6ABB3962BE9}.Debug|Any CPU.Build.0 = Debug|Any CPU
		{F4FB71E4-E4C0-46B2-838E-C6ABB3962BE9}.Release|Any CPU.ActiveCfg = Release|Any CPU
		{F4FB71E4-E4C0-46B2-838E-C6ABB3962BE9}.Release|Any CPU.Build.0 = Release|Any CPU
		{E835B00B-5D69-4081-8E53-E97F3A58DAF5}.Debug|Any CPU.ActiveCfg = Debug|Any CPU
		{E835B00B-5D69-4081-8E53-E97F3A58DAF5}.Debug|Any CPU.Build.0 = Debug|Any CPU
		{E835B00B-5D69-4081-8E53-E97F3A58DAF5}.Release|Any CPU.ActiveCfg = Release|Any CPU
		{E835B00B-5D69-4081-8E53-E97F3A58DAF5}.Release|Any CPU.Build.0 = Release|Any CPU
		{C92049F8-86FE-44B1-BAE8-A8186A66E715}.Debug|Any CPU.ActiveCfg = Debug|Any CPU
		{C92049F8-86FE-44B1-BAE8-A8186A66E715}.Debug|Any CPU.Build.0 = Debug|Any CPU
		{C92049F8-86FE-44B1-BAE8-A8186A66E715}.Release|Any CPU.ActiveCfg = Release|Any CPU
		{C92049F8-86FE-44B1-BAE8-A8186A66E715}.Release|Any CPU.Build.0 = Release|Any CPU
		{DCFD5050-58A8-4002-BF05-BAF8858F10A0}.Debug|Any CPU.ActiveCfg = Debug|Any CPU
		{DCFD5050-58A8-4002-BF05-BAF8858F10A0}.Debug|Any CPU.Build.0 = Debug|Any CPU
		{DCFD5050-58A8-4002-BF05-BAF8858F10A0}.Release|Any CPU.ActiveCfg = Release|Any CPU
		{DCFD5050-58A8-4002-BF05-BAF8858F10A0}.Release|Any CPU.Build.0 = Release|Any CPU
		{99E98B8C-B88E-477E-A7E0-EA51C6961117}.Debug|Any CPU.ActiveCfg = Debug|Any CPU
		{99E98B8C-B88E-477E-A7E0-EA51C6961117}.Debug|Any CPU.Build.0 = Debug|Any CPU
		{99E98B8C-B88E-477E-A7E0-EA51C6961117}.Release|Any CPU.ActiveCfg = Release|Any CPU
		{99E98B8C-B88E-477E-A7E0-EA51C6961117}.Release|Any CPU.Build.0 = Release|Any CPU
		{1C4BE716-B7A6-4930-9702-32481A5573FB}.Debug|Any CPU.ActiveCfg = Debug|Any CPU
		{1C4BE716-B7A6-4930-9702-32481A5573FB}.Debug|Any CPU.Build.0 = Debug|Any CPU
		{1C4BE716-B7A6-4930-9702-32481A5573FB}.Release|Any CPU.ActiveCfg = Release|Any CPU
		{1C4BE716-B7A6-4930-9702-32481A5573FB}.Release|Any CPU.Build.0 = Release|Any CPU
		{01A9C116-9A98-46D0-B0F6-DC7238A731FE}.Debug|Any CPU.ActiveCfg = Debug|Any CPU
		{01A9C116-9A98-46D0-B0F6-DC7238A731FE}.Debug|Any CPU.Build.0 = Debug|Any CPU
		{01A9C116-9A98-46D0-B0F6-DC7238A731FE}.Release|Any CPU.ActiveCfg = Release|Any CPU
		{01A9C116-9A98-46D0-B0F6-DC7238A731FE}.Release|Any CPU.Build.0 = Release|Any CPU
		{6DD27FB0-4A76-48E8-9B64-ECEE9E19E0EC}.Debug|Any CPU.ActiveCfg = Debug|Any CPU
		{6DD27FB0-4A76-48E8-9B64-ECEE9E19E0EC}.Debug|Any CPU.Build.0 = Debug|Any CPU
		{6DD27FB0-4A76-48E8-9B64-ECEE9E19E0EC}.Release|Any CPU.ActiveCfg = Release|Any CPU
		{6DD27FB0-4A76-48E8-9B64-ECEE9E19E0EC}.Release|Any CPU.Build.0 = Release|Any CPU
		{93319152-FC42-4A17-B33C-6D13D2D682D2}.Debug|Any CPU.ActiveCfg = Debug|Any CPU
		{93319152-FC42-4A17-B33C-6D13D2D682D2}.Debug|Any CPU.Build.0 = Debug|Any CPU
		{93319152-FC42-4A17-B33C-6D13D2D682D2}.Release|Any CPU.ActiveCfg = Release|Any CPU
		{93319152-FC42-4A17-B33C-6D13D2D682D2}.Release|Any CPU.Build.0 = Release|Any CPU
		{DFD58380-AB24-4E4A-846F-8864E1F638FF}.Debug|Any CPU.ActiveCfg = Debug|Any CPU
		{DFD58380-AB24-4E4A-846F-8864E1F638FF}.Debug|Any CPU.Build.0 = Debug|Any CPU
		{DFD58380-AB24-4E4A-846F-8864E1F638FF}.Release|Any CPU.ActiveCfg = Release|Any CPU
		{DFD58380-AB24-4E4A-846F-8864E1F638FF}.Release|Any CPU.Build.0 = Release|Any CPU
		{59CA8A61-B1E3-44C9-B5ED-FDD6D64F7124}.Debug|Any CPU.ActiveCfg = Debug|Any CPU
		{59CA8A61-B1E3-44C9-B5ED-FDD6D64F7124}.Debug|Any CPU.Build.0 = Debug|Any CPU
		{59CA8A61-B1E3-44C9-B5ED-FDD6D64F7124}.Release|Any CPU.ActiveCfg = Release|Any CPU
		{59CA8A61-B1E3-44C9-B5ED-FDD6D64F7124}.Release|Any CPU.Build.0 = Release|Any CPU
	EndGlobalSection
	GlobalSection(SolutionProperties) = preSolution
		HideSolutionNode = FALSE
	EndGlobalSection
	GlobalSection(ExtensibilityGlobals) = postSolution
		SolutionGuid = {EA8CF559-520E-4924-A782-91DB4029515A}
	EndGlobalSection
EndGlobal
